
Microsoft Visual Studio Solution File, Format Version 12.00
# Visual Studio 15
VisualStudioVersion = 15.0.27428.2002
MinimumVisualStudioVersion = 10.0.40219.1
Project("{FAE04EC0-301F-11D3-BF4B-00C04F79EFBC}") = "CMDID3Tagger", "CMDID3Tagger\CMDID3Tagger.csproj", "{06249F54-A134-46A8-8664-F5BAEB7E61EE}"
EndProject
Project("{FAE04EC0-301F-11D3-BF4B-00C04F79EFBC}") = "CMDID3Tagger.Tests", "CMDID3Tagger.Tests\CMDID3Tagger.Tests.csproj", "{926ADA5C-A4FC-4F3C-B896-60F7681CD752}"
EndProject
Global
	GlobalSection(SolutionConfigurationPlatforms) = preSolution
		Debug|Any CPU = Debug|Any CPU
		Release|Any CPU = Release|Any CPU
	EndGlobalSection
	GlobalSection(ProjectConfigurationPlatforms) = postSolution
		{06249F54-A134-46A8-8664-F5BAEB7E61EE}.Debug|Any CPU.ActiveCfg = Debug|Any CPU
		{06249F54-A134-46A8-8664-F5BAEB7E61EE}.Debug|Any CPU.Build.0 = Debug|Any CPU
		{06249F54-A134-46A8-8664-F5BAEB7E61EE}.Release|Any CPU.ActiveCfg = Release|Any CPU
		{06249F54-A134-46A8-8664-F5BAEB7E61EE}.Release|Any CPU.Build.0 = Release|Any CPU
		{926ADA5C-A4FC-4F3C-B896-60F7681CD752}.Debug|Any CPU.ActiveCfg = Debug|Any CPU
		{926ADA5C-A4FC-4F3C-B896-60F7681CD752}.Debug|Any CPU.Build.0 = Debug|Any CPU
		{926ADA5C-A4FC-4F3C-B896-60F7681CD752}.Release|Any CPU.ActiveCfg = Release|Any CPU
		{926ADA5C-A4FC-4F3C-B896-60F7681CD752}.Release|Any CPU.Build.0 = Release|Any CPU
	EndGlobalSection
	GlobalSection(SolutionProperties) = preSolution
		HideSolutionNode = FALSE
	EndGlobalSection
	GlobalSection(ExtensibilityGlobals) = postSolution
		SolutionGuid = {C96F10CF-C5BE-4A55-A9BE-B3DFCCE257D5}
	EndGlobalSection
EndGlobal
